
Microsoft Visual Studio Solution File, Format Version 12.00
# Blend for Visual Studio Version 17
VisualStudioVersion = 17.4.33403.182
MinimumVisualStudioVersion = 10.0.40219.1
Project("{9A19103F-16F7-4668-BE54-9A1E7A4F7556}") = "PokemonPabloPorrero", "Prueba pokemon\PokemonPabloPorrero.csproj", "{AB65DB3F-D857-4FB2-99DA-CC73222070CA}"
EndProject
Global
	GlobalSection(SolutionConfigurationPlatforms) = preSolution
		Debug|Any CPU = Debug|Any CPU
		Release|Any CPU = Release|Any CPU
	EndGlobalSection
	GlobalSection(ProjectConfigurationPlatforms) = postSolution
		{AB65DB3F-D857-4FB2-99DA-CC73222070CA}.Debug|Any CPU.ActiveCfg = Debug|Any CPU
		{AB65DB3F-D857-4FB2-99DA-CC73222070CA}.Debug|Any CPU.Build.0 = Debug|Any CPU
		{AB65DB3F-D857-4FB2-99DA-CC73222070CA}.Release|Any CPU.ActiveCfg = Release|Any CPU
		{AB65DB3F-D857-4FB2-99DA-CC73222070CA}.Release|Any CPU.Build.0 = Release|Any CPU
	EndGlobalSection
	GlobalSection(SolutionProperties) = preSolution
		HideSolutionNode = FALSE
	EndGlobalSection
	GlobalSection(ExtensibilityGlobals) = postSolution
		SolutionGuid = {E8F62725-F6DB-4ACA-B525-5A7F462E0F9E}
	EndGlobalSection
EndGlobal
